
Microsoft Visual Studio Solution File, Format Version 12.00
# Visual Studio Version 16
VisualStudioVersion = 25.0.1700.0
MinimumVisualStudioVersion = 10.0.40219.1
Project("{FAE04EC0-301F-11D3-BF4B-00C04F79EFBC}") = "UltimateMovieNight", "UltimateMovieNight\UltimateMovieNight.csproj", "{541379D5-6384-4FBF-A60D-4E0BEA679E72}"
EndProject
Project("{2150E333-8FDC-42A3-9474-1A3956D46DE8}") = "Solution Items", "Solution Items", "{CA669FA3-86BF-4CC3-B895-E1FA07E0EA8C}"
	ProjectSection(SolutionItems) = preProject
		.editorconfig = .editorconfig
	EndProjectSection
EndProject
Project("{E53339B2-1760-4266-BCC7-CA923CBCF16C}") = "docker-compose", "docker-compose.dcproj", "{D48EECE8-DDAF-44D3-AFE7-6FB37707D2E5}"
EndProject
Global
	GlobalSection(SolutionConfigurationPlatforms) = preSolution
		Debug|Any CPU = Debug|Any CPU
		Release|Any CPU = Release|Any CPU
	EndGlobalSection
	GlobalSection(ProjectConfigurationPlatforms) = postSolution
		{541379D5-6384-4FBF-A60D-4E0BEA679E72}.Debug|Any CPU.ActiveCfg = Debug|Any CPU
		{541379D5-6384-4FBF-A60D-4E0BEA679E72}.Debug|Any CPU.Build.0 = Debug|Any CPU
		{541379D5-6384-4FBF-A60D-4E0BEA679E72}.Release|Any CPU.ActiveCfg = Release|Any CPU
		{541379D5-6384-4FBF-A60D-4E0BEA679E72}.Release|Any CPU.Build.0 = Release|Any CPU
		{D48EECE8-DDAF-44D3-AFE7-6FB37707D2E5}.Debug|Any CPU.ActiveCfg = Debug|Any CPU
		{D48EECE8-DDAF-44D3-AFE7-6FB37707D2E5}.Debug|Any CPU.Build.0 = Debug|Any CPU
		{D48EECE8-DDAF-44D3-AFE7-6FB37707D2E5}.Release|Any CPU.ActiveCfg = Release|Any CPU
		{D48EECE8-DDAF-44D3-AFE7-6FB37707D2E5}.Release|Any CPU.Build.0 = Release|Any CPU
	EndGlobalSection
	GlobalSection(SolutionProperties) = preSolution
		HideSolutionNode = FALSE
	EndGlobalSection
	GlobalSection(ExtensibilityGlobals) = postSolution
		SolutionGuid = {47EBA64F-29F1-4A3B-8C32-EDC1A4EEC933}
	EndGlobalSection
EndGlobal
